
Microsoft Visual Studio Solution File, Format Version 12.00
# Visual Studio Version 17
VisualStudioVersion = 17.8.34511.84
MinimumVisualStudioVersion = 10.0.40219.1
Project("{FAE04EC0-301F-11D3-BF4B-00C04F79EFBC}") = "AM.UI.Console", "AM.UI.Console\AM.UI.Console.csproj", "{50C4E254-BFDB-4905-A66C-997A56E97C68}"
EndProject
Project("{FAE04EC0-301F-11D3-BF4B-00C04F79EFBC}") = "AM.Core.Domain", "AM.Core.Domain\AM.Core.Domain.csproj", "{C36CDEED-B1E5-42B6-9563-E4F7CF560A09}"
EndProject
Global
	GlobalSection(SolutionConfigurationPlatforms) = preSolution
		Debug|Any CPU = Debug|Any CPU
		Release|Any CPU = Release|Any CPU
	EndGlobalSection
	GlobalSection(ProjectConfigurationPlatforms) = postSolution
		{50C4E254-BFDB-4905-A66C-997A56E97C68}.Debug|Any CPU.ActiveCfg = Debug|Any CPU
		{50C4E254-BFDB-4905-A66C-997A56E97C68}.Debug|Any CPU.Build.0 = Debug|Any CPU
		{50C4E254-BFDB-4905-A66C-997A56E97C68}.Release|Any CPU.ActiveCfg = Release|Any CPU
		{50C4E254-BFDB-4905-A66C-997A56E97C68}.Release|Any CPU.Build.0 = Release|Any CPU
		{C36CDEED-B1E5-42B6-9563-E4F7CF560A09}.Debug|Any CPU.ActiveCfg = Debug|Any CPU
		{C36CDEED-B1E5-42B6-9563-E4F7CF560A09}.Debug|Any CPU.Build.0 = Debug|Any CPU
		{C36CDEED-B1E5-42B6-9563-E4F7CF560A09}.Release|Any CPU.ActiveCfg = Release|Any CPU
		{C36CDEED-B1E5-42B6-9563-E4F7CF560A09}.Release|Any CPU.Build.0 = Release|Any CPU
	EndGlobalSection
	GlobalSection(SolutionProperties) = preSolution
		HideSolutionNode = FALSE
	EndGlobalSection
	GlobalSection(ExtensibilityGlobals) = postSolution
		SolutionGuid = {A6AC3B13-AA52-4180-931A-B13BB4C9DAB5}
	EndGlobalSection
EndGlobal
